
Microsoft Visual Studio Solution File, Format Version 12.00
# Visual Studio Version 17
VisualStudioVersion = 17.7.34031.279
MinimumVisualStudioVersion = 10.0.40219.1
Project("{9A19103F-16F7-4668-BE54-9A1E7A4F7556}") = "TestCore", "TestCore\TestCore.csproj", "{1F3A5267-9600-471F-A649-7A8378D69F6B}"
EndProject
Global
	GlobalSection(SolutionConfigurationPlatforms) = preSolution
		Debug|Any CPU = Debug|Any CPU
		Release|Any CPU = Release|Any CPU
	EndGlobalSection
	GlobalSection(ProjectConfigurationPlatforms) = postSolution
		{1F3A5267-9600-471F-A649-7A8378D69F6B}.Debug|Any CPU.ActiveCfg = Debug|Any CPU
		{1F3A5267-9600-471F-A649-7A8378D69F6B}.Debug|Any CPU.Build.0 = Debug|Any CPU
		{1F3A5267-9600-471F-A649-7A8378D69F6B}.Release|Any CPU.ActiveCfg = Release|Any CPU
		{1F3A5267-9600-471F-A649-7A8378D69F6B}.Release|Any CPU.Build.0 = Release|Any CPU
	EndGlobalSection
	GlobalSection(SolutionProperties) = preSolution
		HideSolutionNode = FALSE
	EndGlobalSection
	GlobalSection(ExtensibilityGlobals) = postSolution
		SolutionGuid = {BDF86FE6-A52A-4EAC-890D-E06819F2A81F}
	EndGlobalSection
EndGlobal
